
Microsoft Visual Studio Solution File, Format Version 12.00
# Visual Studio Version 16
VisualStudioVersion = 16.0.31729.503
MinimumVisualStudioVersion = 10.0.40219.1
Project("{2150E333-8FDC-42A3-9474-1A3956D46DE8}") = "src", "src", "{C660AB4F-72F3-4276-9ED3-6AF42AF416EE}"
EndProject
Project("{FAE04EC0-301F-11D3-BF4B-00C04F79EFBC}") = "Company.DAL", "Company.DAL\Company.DAL.csproj", "{F37937C2-EBED-48DB-9F85-3A552C1BFDE0}"
EndProject
Project("{FAE04EC0-301F-11D3-BF4B-00C04F79EFBC}") = "Company.API", "Company.API\Company.API.csproj", "{8428C270-13D8-40BF-8BA1-1CFA38C5F33A}"
EndProject
Project("{FAE04EC0-301F-11D3-BF4B-00C04F79EFBC}") = "Company.BL", "Company.BL\Company.BL.csproj", "{C35CFB2C-6994-4021-90FE-930B73931E6B}"
EndProject
Global
	GlobalSection(SolutionConfigurationPlatforms) = preSolution
		Debug|Any CPU = Debug|Any CPU
		Release|Any CPU = Release|Any CPU
	EndGlobalSection
	GlobalSection(ProjectConfigurationPlatforms) = postSolution
		{F37937C2-EBED-48DB-9F85-3A552C1BFDE0}.Debug|Any CPU.ActiveCfg = Debug|Any CPU
		{F37937C2-EBED-48DB-9F85-3A552C1BFDE0}.Debug|Any CPU.Build.0 = Debug|Any CPU
		{F37937C2-EBED-48DB-9F85-3A552C1BFDE0}.Release|Any CPU.ActiveCfg = Release|Any CPU
		{F37937C2-EBED-48DB-9F85-3A552C1BFDE0}.Release|Any CPU.Build.0 = Release|Any CPU
		{8428C270-13D8-40BF-8BA1-1CFA38C5F33A}.Debug|Any CPU.ActiveCfg = Debug|Any CPU
		{8428C270-13D8-40BF-8BA1-1CFA38C5F33A}.Debug|Any CPU.Build.0 = Debug|Any CPU
		{8428C270-13D8-40BF-8BA1-1CFA38C5F33A}.Release|Any CPU.ActiveCfg = Release|Any CPU
		{8428C270-13D8-40BF-8BA1-1CFA38C5F33A}.Release|Any CPU.Build.0 = Release|Any CPU
		{C35CFB2C-6994-4021-90FE-930B73931E6B}.Debug|Any CPU.ActiveCfg = Debug|Any CPU
		{C35CFB2C-6994-4021-90FE-930B73931E6B}.Debug|Any CPU.Build.0 = Debug|Any CPU
		{C35CFB2C-6994-4021-90FE-930B73931E6B}.Release|Any CPU.ActiveCfg = Release|Any CPU
		{C35CFB2C-6994-4021-90FE-930B73931E6B}.Release|Any CPU.Build.0 = Release|Any CPU
	EndGlobalSection
	GlobalSection(SolutionProperties) = preSolution
		HideSolutionNode = FALSE
	EndGlobalSection
	GlobalSection(NestedProjects) = preSolution
		{F37937C2-EBED-48DB-9F85-3A552C1BFDE0} = {C660AB4F-72F3-4276-9ED3-6AF42AF416EE}
		{8428C270-13D8-40BF-8BA1-1CFA38C5F33A} = {C660AB4F-72F3-4276-9ED3-6AF42AF416EE}
		{C35CFB2C-6994-4021-90FE-930B73931E6B} = {C660AB4F-72F3-4276-9ED3-6AF42AF416EE}
	EndGlobalSection
	GlobalSection(ExtensibilityGlobals) = postSolution
		SolutionGuid = {637E5FC9-7A0F-4247-832E-CA8B6DEF6727}
	EndGlobalSection
EndGlobal
